
Microsoft Visual Studio Solution File, Format Version 12.00
# Visual Studio Version 16
VisualStudioVersion = 16.0.29728.190
MinimumVisualStudioVersion = 15.0.26124.0
Project("{2150E333-8FDC-42A3-9474-1A3956D46DE8}") = "Calculation", "Calculation", "{A76BC370-6E87-4102-848C-46A32D0544B2}"
EndProject
Project("{9A19103F-16F7-4668-BE54-9A1E7A4F7556}") = "Calculator", "Calculator\Calculator.csproj", "{583E442A-6F0A-4B16-9B24-869E736EE10F}"
EndProject
Project("{9A19103F-16F7-4668-BE54-9A1E7A4F7556}") = "CalculatorTests", "CalculatorTests\CalculatorTests.csproj", "{D9E2528E-AA92-49CA-970C-FB167993EA27}"
EndProject
Project("{2150E333-8FDC-42A3-9474-1A3956D46DE8}") = "WorkDays", "WorkDays", "{2CE63FB8-E62B-4C9D-94D3-2B29142AFD43}"
EndProject
Project("{9A19103F-16F7-4668-BE54-9A1E7A4F7556}") = "WorkDays", "..\WorkDays\WorkDays\WorkDays.csproj", "{0637B1D0-A9F2-4242-98C6-EE57A35C278D}"
EndProject
Project("{9A19103F-16F7-4668-BE54-9A1E7A4F7556}") = "WorkDaysTests", "..\WorkDays\WorkDaysTests\WorkDaysTests.csproj", "{B5D7357A-1599-41AE-B66D-5BFC4E642A12}"
EndProject
Project("{2150E333-8FDC-42A3-9474-1A3956D46DE8}") = "Logger", "Logger", "{1B2BB735-B23D-40C3-9E98-849182A74A8D}"
EndProject
Project("{9A19103F-16F7-4668-BE54-9A1E7A4F7556}") = "Logger", "..\Logger\Logger\Logger.csproj", "{3D8232BD-8061-495E-82CE-C5B5450ADE48}"
EndProject
Project("{9A19103F-16F7-4668-BE54-9A1E7A4F7556}") = "LoggerTests", "..\Logger\LoggerTests\LoggerTests.csproj", "{29C0A634-53DD-43B6-9631-E0E38F250AA5}"
EndProject
Global
	GlobalSection(SolutionConfigurationPlatforms) = preSolution
		Debug|Any CPU = Debug|Any CPU
		Debug|x64 = Debug|x64
		Debug|x86 = Debug|x86
		Release|Any CPU = Release|Any CPU
		Release|x64 = Release|x64
		Release|x86 = Release|x86
	EndGlobalSection
	GlobalSection(ProjectConfigurationPlatforms) = postSolution
		{583E442A-6F0A-4B16-9B24-869E736EE10F}.Debug|Any CPU.ActiveCfg = Debug|Any CPU
		{583E442A-6F0A-4B16-9B24-869E736EE10F}.Debug|Any CPU.Build.0 = Debug|Any CPU
		{583E442A-6F0A-4B16-9B24-869E736EE10F}.Debug|x64.ActiveCfg = Debug|Any CPU
		{583E442A-6F0A-4B16-9B24-869E736EE10F}.Debug|x64.Build.0 = Debug|Any CPU
		{583E442A-6F0A-4B16-9B24-869E736EE10F}.Debug|x86.ActiveCfg = Debug|Any CPU
		{583E442A-6F0A-4B16-9B24-869E736EE10F}.Debug|x86.Build.0 = Debug|Any CPU
		{583E442A-6F0A-4B16-9B24-869E736EE10F}.Release|Any CPU.ActiveCfg = Release|Any CPU
		{583E442A-6F0A-4B16-9B24-869E736EE10F}.Release|Any CPU.Build.0 = Release|Any CPU
		{583E442A-6F0A-4B16-9B24-869E736EE10F}.Release|x64.ActiveCfg = Release|Any CPU
		{583E442A-6F0A-4B16-9B24-869E736EE10F}.Release|x64.Build.0 = Release|Any CPU
		{583E442A-6F0A-4B16-9B24-869E736EE10F}.Release|x86.ActiveCfg = Release|Any CPU
		{583E442A-6F0A-4B16-9B24-869E736EE10F}.Release|x86.Build.0 = Release|Any CPU
		{D9E2528E-AA92-49CA-970C-FB167993EA27}.Debug|Any CPU.ActiveCfg = Debug|Any CPU
		{D9E2528E-AA92-49CA-970C-FB167993EA27}.Debug|Any CPU.Build.0 = Debug|Any CPU
		{D9E2528E-AA92-49CA-970C-FB167993EA27}.Debug|x64.ActiveCfg = Debug|Any CPU
		{D9E2528E-AA92-49CA-970C-FB167993EA27}.Debug|x64.Build.0 = Debug|Any CPU
		{D9E2528E-AA92-49CA-970C-FB167993EA27}.Debug|x86.ActiveCfg = Debug|Any CPU
		{D9E2528E-AA92-49CA-970C-FB167993EA27}.Debug|x86.Build.0 = Debug|Any CPU
		{D9E2528E-AA92-49CA-970C-FB167993EA27}.Release|Any CPU.ActiveCfg = Release|Any CPU
		{D9E2528E-AA92-49CA-970C-FB167993EA27}.Release|Any CPU.Build.0 = Release|Any CPU
		{D9E2528E-AA92-49CA-970C-FB167993EA27}.Release|x64.ActiveCfg = Release|Any CPU
		{D9E2528E-AA92-49CA-970C-FB167993EA27}.Release|x64.Build.0 = Release|Any CPU
		{D9E2528E-AA92-49CA-970C-FB167993EA27}.Release|x86.ActiveCfg = Release|Any CPU
		{D9E2528E-AA92-49CA-970C-FB167993EA27}.Release|x86.Build.0 = Release|Any CPU
		{0637B1D0-A9F2-4242-98C6-EE57A35C278D}.Debug|Any CPU.ActiveCfg = Debug|Any CPU
		{0637B1D0-A9F2-4242-98C6-EE57A35C278D}.Debug|Any CPU.Build.0 = Debug|Any CPU
		{0637B1D0-A9F2-4242-98C6-EE57A35C278D}.Debug|x64.ActiveCfg = Debug|Any CPU
		{0637B1D0-A9F2-4242-98C6-EE57A35C278D}.Debug|x64.Build.0 = Debug|Any CPU
		{0637B1D0-A9F2-4242-98C6-EE57A35C278D}.Debug|x86.ActiveCfg = Debug|Any CPU
		{0637B1D0-A9F2-4242-98C6-EE57A35C278D}.Debug|x86.Build.0 = Debug|Any CPU
		{0637B1D0-A9F2-4242-98C6-EE57A35C278D}.Release|Any CPU.ActiveCfg = Release|Any CPU
		{0637B1D0-A9F2-4242-98C6-EE57A35C278D}.Release|Any CPU.Build.0 = Release|Any CPU
		{0637B1D0-A9F2-4242-98C6-EE57A35C278D}.Release|x64.ActiveCfg = Release|Any CPU
		{0637B1D0-A9F2-4242-98C6-EE57A35C278D}.Release|x64.Build.0 = Release|Any CPU
		{0637B1D0-A9F2-4242-98C6-EE57A35C278D}.Release|x86.ActiveCfg = Release|Any CPU
		{0637B1D0-A9F2-4242-98C6-EE57A35C278D}.Release|x86.Build.0 = Release|Any CPU
		{B5D7357A-1599-41AE-B66D-5BFC4E642A12}.Debug|Any CPU.ActiveCfg = Debug|Any CPU
		{B5D7357A-1599-41AE-B66D-5BFC4E642A12}.Debug|Any CPU.Build.0 = Debug|Any CPU
		{B5D7357A-1599-41AE-B66D-5BFC4E642A12}.Debug|x64.ActiveCfg = Debug|Any CPU
		{B5D7357A-1599-41AE-B66D-5BFC4E642A12}.Debug|x64.Build.0 = Debug|Any CPU
		{B5D7357A-1599-41AE-B66D-5BFC4E642A12}.Debug|x86.ActiveCfg = Debug|Any CPU
		{B5D7357A-1599-41AE-B66D-5BFC4E642A12}.Debug|x86.Build.0 = Debug|Any CPU
		{B5D7357A-1599-41AE-B66D-5BFC4E642A12}.Release|Any CPU.ActiveCfg = Release|Any CPU
		{B5D7357A-1599-41AE-B66D-5BFC4E642A12}.Release|Any CPU.Build.0 = Release|Any CPU
		{B5D7357A-1599-41AE-B66D-5BFC4E642A12}.Release|x64.ActiveCfg = Release|Any CPU
		{B5D7357A-1599-41AE-B66D-5BFC4E642A12}.Release|x64.Build.0 = Release|Any CPU
		{B5D7357A-1599-41AE-B66D-5BFC4E642A12}.Release|x86.ActiveCfg = Release|Any CPU
		{B5D7357A-1599-41AE-B66D-5BFC4E642A12}.Release|x86.Build.0 = Release|Any CPU
		{3D8232BD-8061-495E-82CE-C5B5450ADE48}.Debug|Any CPU.ActiveCfg = Debug|Any CPU
		{3D8232BD-8061-495E-82CE-C5B5450ADE48}.Debug|Any CPU.Build.0 = Debug|Any CPU
		{3D8232BD-8061-495E-82CE-C5B5450ADE48}.Debug|x64.ActiveCfg = Debug|Any CPU
		{3D8232BD-8061-495E-82CE-C5B5450ADE48}.Debug|x64.Build.0 = Debug|Any CPU
		{3D8232BD-8061-495E-82CE-C5B5450ADE48}.Debug|x86.ActiveCfg = Debug|Any CPU
		{3D8232BD-8061-495E-82CE-C5B5450ADE48}.Debug|x86.Build.0 = Debug|Any CPU
		{3D8232BD-8061-495E-82CE-C5B5450ADE48}.Release|Any CPU.ActiveCfg = Release|Any CPU
		{3D8232BD-8061-495E-82CE-C5B5450ADE48}.Release|Any CPU.Build.0 = Release|Any CPU
		{3D8232BD-8061-495E-82CE-C5B5450ADE48}.Release|x64.ActiveCfg = Release|Any CPU
		{3D8232BD-8061-495E-82CE-C5B5450ADE48}.Release|x64.Build.0 = Release|Any CPU
		{3D8232BD-8061-495E-82CE-C5B5450ADE48}.Release|x86.ActiveCfg = Release|Any CPU
		{3D8232BD-8061-495E-82CE-C5B5450ADE48}.Release|x86.Build.0 = Release|Any CPU
		{29C0A634-53DD-43B6-9631-E0E38F250AA5}.Debug|Any CPU.ActiveCfg = Debug|Any CPU
		{29C0A634-53DD-43B6-9631-E0E38F250AA5}.Debug|Any CPU.Build.0 = Debug|Any CPU
		{29C0A634-53DD-43B6-9631-E0E38F250AA5}.Debug|x64.ActiveCfg = Debug|Any CPU
		{29C0A634-53DD-43B6-9631-E0E38F250AA5}.Debug|x64.Build.0 = Debug|Any CPU
		{29C0A634-53DD-43B6-9631-E0E38F250AA5}.Debug|x86.ActiveCfg = Debug|Any CPU
		{29C0A634-53DD-43B6-9631-E0E38F250AA5}.Debug|x86.Build.0 = Debug|Any CPU
		{29C0A634-53DD-43B6-9631-E0E38F250AA5}.Release|Any CPU.ActiveCfg = Release|Any CPU
		{29C0A634-53DD-43B6-9631-E0E38F250AA5}.Release|Any CPU.Build.0 = Release|Any CPU
		{29C0A634-53DD-43B6-9631-E0E38F250AA5}.Release|x64.ActiveCfg = Release|Any CPU
		{29C0A634-53DD-43B6-9631-E0E38F250AA5}.Release|x64.Build.0 = Release|Any CPU
		{29C0A634-53DD-43B6-9631-E0E38F250AA5}.Release|x86.ActiveCfg = Release|Any CPU
		{29C0A634-53DD-43B6-9631-E0E38F250AA5}.Release|x86.Build.0 = Release|Any CPU
	EndGlobalSection
	GlobalSection(SolutionProperties) = preSolution
		HideSolutionNode = FALSE
	EndGlobalSection
	GlobalSection(NestedProjects) = preSolution
		{583E442A-6F0A-4B16-9B24-869E736EE10F} = {A76BC370-6E87-4102-848C-46A32D0544B2}
		{D9E2528E-AA92-49CA-970C-FB167993EA27} = {A76BC370-6E87-4102-848C-46A32D0544B2}
		{0637B1D0-A9F2-4242-98C6-EE57A35C278D} = {2CE63FB8-E62B-4C9D-94D3-2B29142AFD43}
		{B5D7357A-1599-41AE-B66D-5BFC4E642A12} = {2CE63FB8-E62B-4C9D-94D3-2B29142AFD43}
		{3D8232BD-8061-495E-82CE-C5B5450ADE48} = {1B2BB735-B23D-40C3-9E98-849182A74A8D}
		{29C0A634-53DD-43B6-9631-E0E38F250AA5} = {1B2BB735-B23D-40C3-9E98-849182A74A8D}
	EndGlobalSection
	GlobalSection(ExtensibilityGlobals) = postSolution
		SolutionGuid = {D5F24F08-E79A-4F22-B4FF-EF80391E2DBC}
	EndGlobalSection
EndGlobal
