
Microsoft Visual Studio Solution File, Format Version 12.00
# Visual Studio Version 16
VisualStudioVersion = 16.0.29728.190
MinimumVisualStudioVersion = 15.0.26124.0
Project("{2150E333-8FDC-42A3-9474-1A3956D46DE8}") = "Calculation", "Calculation", "{A76BC370-6E87-4102-848C-46A32D0544B2}"
EndProject
Project("{9A19103F-16F7-4668-BE54-9A1E7A4F7556}") = "Calculator", "Calculator\Calculator.csproj", "{583E442A-6F0A-4B16-9B24-869E736EE10F}"
EndProject
Project("{9A19103F-16F7-4668-BE54-9A1E7A4F7556}") = "CalculatorTests", "CalculatorTests\CalculatorTests.csproj", "{D9E2528E-AA92-49CA-970C-FB167993EA27}"
EndProject
Project("{2150E333-8FDC-42A3-9474-1A3956D46DE8}") = "WorkDays", "WorkDays", "{2CE63FB8-E62B-4C9D-94D3-2B29142AFD43}"
EndProject
Project("{2150E333-8FDC-42A3-9474-1A3956D46DE8}") = "Logger", "Logger", "{1B2BB735-B23D-40C3-9E98-849182A74A8D}"
EndProject
Project("{9A19103F-16F7-4668-BE54-9A1E7A4F7556}") = "Logger", "Logger\Logger.csproj", "{100E6C3C-97C0-4EDB-BF74-914668ACF5AD}"
EndProject
Project("{9A19103F-16F7-4668-BE54-9A1E7A4F7556}") = "LoggerTests", "LoggerTests\LoggerTests.csproj", "{C94A13E5-89C6-4C62-AAC3-AF72C1393A80}"
EndProject
Project("{9A19103F-16F7-4668-BE54-9A1E7A4F7556}") = "WorkDays", "WorkDays\WorkDays.csproj", "{0A9366BE-4090-416C-9DB9-AE03F064B74E}"
EndProject
Project("{9A19103F-16F7-4668-BE54-9A1E7A4F7556}") = "WorkDaysTests", "WorkDaysTests\WorkDaysTests.csproj", "{1B2605E0-8E7B-48A2-BEE3-B3AFC818B0BD}"
EndProject
Project("{2150E333-8FDC-42A3-9474-1A3956D46DE8}") = "Alphabet", "Alphabet", "{5DD1FDDE-A0BA-4D72-AE86-DF665ADF5590}"
EndProject
Project("{FAE04EC0-301F-11D3-BF4B-00C04F79EFBC}") = "AlphabetDecorator", "AlphabetDecorator\AlphabetDecorator.csproj", "{2A5B2406-09A4-40C0-BDC3-07D62CAFE7C7}"
EndProject
Global
	GlobalSection(SolutionConfigurationPlatforms) = preSolution
		Debug|Any CPU = Debug|Any CPU
		Debug|x64 = Debug|x64
		Debug|x86 = Debug|x86
		Release|Any CPU = Release|Any CPU
		Release|x64 = Release|x64
		Release|x86 = Release|x86
	EndGlobalSection
	GlobalSection(ProjectConfigurationPlatforms) = postSolution
		{583E442A-6F0A-4B16-9B24-869E736EE10F}.Debug|Any CPU.ActiveCfg = Debug|Any CPU
		{583E442A-6F0A-4B16-9B24-869E736EE10F}.Debug|Any CPU.Build.0 = Debug|Any CPU
		{583E442A-6F0A-4B16-9B24-869E736EE10F}.Debug|x64.ActiveCfg = Debug|Any CPU
		{583E442A-6F0A-4B16-9B24-869E736EE10F}.Debug|x64.Build.0 = Debug|Any CPU
		{583E442A-6F0A-4B16-9B24-869E736EE10F}.Debug|x86.ActiveCfg = Debug|Any CPU
		{583E442A-6F0A-4B16-9B24-869E736EE10F}.Debug|x86.Build.0 = Debug|Any CPU
		{583E442A-6F0A-4B16-9B24-869E736EE10F}.Release|Any CPU.ActiveCfg = Release|Any CPU
		{583E442A-6F0A-4B16-9B24-869E736EE10F}.Release|Any CPU.Build.0 = Release|Any CPU
		{583E442A-6F0A-4B16-9B24-869E736EE10F}.Release|x64.ActiveCfg = Release|Any CPU
		{583E442A-6F0A-4B16-9B24-869E736EE10F}.Release|x64.Build.0 = Release|Any CPU
		{583E442A-6F0A-4B16-9B24-869E736EE10F}.Release|x86.ActiveCfg = Release|Any CPU
		{583E442A-6F0A-4B16-9B24-869E736EE10F}.Release|x86.Build.0 = Release|Any CPU
		{D9E2528E-AA92-49CA-970C-FB167993EA27}.Debug|Any CPU.ActiveCfg = Debug|Any CPU
		{D9E2528E-AA92-49CA-970C-FB167993EA27}.Debug|Any CPU.Build.0 = Debug|Any CPU
		{D9E2528E-AA92-49CA-970C-FB167993EA27}.Debug|x64.ActiveCfg = Debug|Any CPU
		{D9E2528E-AA92-49CA-970C-FB167993EA27}.Debug|x64.Build.0 = Debug|Any CPU
		{D9E2528E-AA92-49CA-970C-FB167993EA27}.Debug|x86.ActiveCfg = Debug|Any CPU
		{D9E2528E-AA92-49CA-970C-FB167993EA27}.Debug|x86.Build.0 = Debug|Any CPU
		{D9E2528E-AA92-49CA-970C-FB167993EA27}.Release|Any CPU.ActiveCfg = Release|Any CPU
		{D9E2528E-AA92-49CA-970C-FB167993EA27}.Release|Any CPU.Build.0 = Release|Any CPU
		{D9E2528E-AA92-49CA-970C-FB167993EA27}.Release|x64.ActiveCfg = Release|Any CPU
		{D9E2528E-AA92-49CA-970C-FB167993EA27}.Release|x64.Build.0 = Release|Any CPU
		{D9E2528E-AA92-49CA-970C-FB167993EA27}.Release|x86.ActiveCfg = Release|Any CPU
		{D9E2528E-AA92-49CA-970C-FB167993EA27}.Release|x86.Build.0 = Release|Any CPU
		{100E6C3C-97C0-4EDB-BF74-914668ACF5AD}.Debug|Any CPU.ActiveCfg = Debug|Any CPU
		{100E6C3C-97C0-4EDB-BF74-914668ACF5AD}.Debug|Any CPU.Build.0 = Debug|Any CPU
		{100E6C3C-97C0-4EDB-BF74-914668ACF5AD}.Debug|x64.ActiveCfg = Debug|Any CPU
		{100E6C3C-97C0-4EDB-BF74-914668ACF5AD}.Debug|x64.Build.0 = Debug|Any CPU
		{100E6C3C-97C0-4EDB-BF74-914668ACF5AD}.Debug|x86.ActiveCfg = Debug|Any CPU
		{100E6C3C-97C0-4EDB-BF74-914668ACF5AD}.Debug|x86.Build.0 = Debug|Any CPU
		{100E6C3C-97C0-4EDB-BF74-914668ACF5AD}.Release|Any CPU.ActiveCfg = Release|Any CPU
		{100E6C3C-97C0-4EDB-BF74-914668ACF5AD}.Release|Any CPU.Build.0 = Release|Any CPU
		{100E6C3C-97C0-4EDB-BF74-914668ACF5AD}.Release|x64.ActiveCfg = Release|Any CPU
		{100E6C3C-97C0-4EDB-BF74-914668ACF5AD}.Release|x64.Build.0 = Release|Any CPU
		{100E6C3C-97C0-4EDB-BF74-914668ACF5AD}.Release|x86.ActiveCfg = Release|Any CPU
		{100E6C3C-97C0-4EDB-BF74-914668ACF5AD}.Release|x86.Build.0 = Release|Any CPU
		{C94A13E5-89C6-4C62-AAC3-AF72C1393A80}.Debug|Any CPU.ActiveCfg = Debug|Any CPU
		{C94A13E5-89C6-4C62-AAC3-AF72C1393A80}.Debug|Any CPU.Build.0 = Debug|Any CPU
		{C94A13E5-89C6-4C62-AAC3-AF72C1393A80}.Debug|x64.ActiveCfg = Debug|Any CPU
		{C94A13E5-89C6-4C62-AAC3-AF72C1393A80}.Debug|x64.Build.0 = Debug|Any CPU
		{C94A13E5-89C6-4C62-AAC3-AF72C1393A80}.Debug|x86.ActiveCfg = Debug|Any CPU
		{C94A13E5-89C6-4C62-AAC3-AF72C1393A80}.Debug|x86.Build.0 = Debug|Any CPU
		{C94A13E5-89C6-4C62-AAC3-AF72C1393A80}.Release|Any CPU.ActiveCfg = Release|Any CPU
		{C94A13E5-89C6-4C62-AAC3-AF72C1393A80}.Release|Any CPU.Build.0 = Release|Any CPU
		{C94A13E5-89C6-4C62-AAC3-AF72C1393A80}.Release|x64.ActiveCfg = Release|Any CPU
		{C94A13E5-89C6-4C62-AAC3-AF72C1393A80}.Release|x64.Build.0 = Release|Any CPU
		{C94A13E5-89C6-4C62-AAC3-AF72C1393A80}.Release|x86.ActiveCfg = Release|Any CPU
		{C94A13E5-89C6-4C62-AAC3-AF72C1393A80}.Release|x86.Build.0 = Release|Any CPU
		{0A9366BE-4090-416C-9DB9-AE03F064B74E}.Debug|Any CPU.ActiveCfg = Debug|Any CPU
		{0A9366BE-4090-416C-9DB9-AE03F064B74E}.Debug|Any CPU.Build.0 = Debug|Any CPU
		{0A9366BE-4090-416C-9DB9-AE03F064B74E}.Debug|x64.ActiveCfg = Debug|Any CPU
		{0A9366BE-4090-416C-9DB9-AE03F064B74E}.Debug|x64.Build.0 = Debug|Any CPU
		{0A9366BE-4090-416C-9DB9-AE03F064B74E}.Debug|x86.ActiveCfg = Debug|Any CPU
		{0A9366BE-4090-416C-9DB9-AE03F064B74E}.Debug|x86.Build.0 = Debug|Any CPU
		{0A9366BE-4090-416C-9DB9-AE03F064B74E}.Release|Any CPU.ActiveCfg = Release|Any CPU
		{0A9366BE-4090-416C-9DB9-AE03F064B74E}.Release|Any CPU.Build.0 = Release|Any CPU
		{0A9366BE-4090-416C-9DB9-AE03F064B74E}.Release|x64.ActiveCfg = Release|Any CPU
		{0A9366BE-4090-416C-9DB9-AE03F064B74E}.Release|x64.Build.0 = Release|Any CPU
		{0A9366BE-4090-416C-9DB9-AE03F064B74E}.Release|x86.ActiveCfg = Release|Any CPU
		{0A9366BE-4090-416C-9DB9-AE03F064B74E}.Release|x86.Build.0 = Release|Any CPU
		{1B2605E0-8E7B-48A2-BEE3-B3AFC818B0BD}.Debug|Any CPU.ActiveCfg = Debug|Any CPU
		{1B2605E0-8E7B-48A2-BEE3-B3AFC818B0BD}.Debug|Any CPU.Build.0 = Debug|Any CPU
		{1B2605E0-8E7B-48A2-BEE3-B3AFC818B0BD}.Debug|x64.ActiveCfg = Debug|Any CPU
		{1B2605E0-8E7B-48A2-BEE3-B3AFC818B0BD}.Debug|x64.Build.0 = Debug|Any CPU
		{1B2605E0-8E7B-48A2-BEE3-B3AFC818B0BD}.Debug|x86.ActiveCfg = Debug|Any CPU
		{1B2605E0-8E7B-48A2-BEE3-B3AFC818B0BD}.Debug|x86.Build.0 = Debug|Any CPU
		{1B2605E0-8E7B-48A2-BEE3-B3AFC818B0BD}.Release|Any CPU.ActiveCfg = Release|Any CPU
		{1B2605E0-8E7B-48A2-BEE3-B3AFC818B0BD}.Release|Any CPU.Build.0 = Release|Any CPU
		{1B2605E0-8E7B-48A2-BEE3-B3AFC818B0BD}.Release|x64.ActiveCfg = Release|Any CPU
		{1B2605E0-8E7B-48A2-BEE3-B3AFC818B0BD}.Release|x64.Build.0 = Release|Any CPU
		{1B2605E0-8E7B-48A2-BEE3-B3AFC818B0BD}.Release|x86.ActiveCfg = Release|Any CPU
		{1B2605E0-8E7B-48A2-BEE3-B3AFC818B0BD}.Release|x86.Build.0 = Release|Any CPU
		{2A5B2406-09A4-40C0-BDC3-07D62CAFE7C7}.Debug|Any CPU.ActiveCfg = Debug|Any CPU
		{2A5B2406-09A4-40C0-BDC3-07D62CAFE7C7}.Debug|Any CPU.Build.0 = Debug|Any CPU
		{2A5B2406-09A4-40C0-BDC3-07D62CAFE7C7}.Debug|x64.ActiveCfg = Debug|Any CPU
		{2A5B2406-09A4-40C0-BDC3-07D62CAFE7C7}.Debug|x64.Build.0 = Debug|Any CPU
		{2A5B2406-09A4-40C0-BDC3-07D62CAFE7C7}.Debug|x86.ActiveCfg = Debug|Any CPU
		{2A5B2406-09A4-40C0-BDC3-07D62CAFE7C7}.Debug|x86.Build.0 = Debug|Any CPU
		{2A5B2406-09A4-40C0-BDC3-07D62CAFE7C7}.Release|Any CPU.ActiveCfg = Release|Any CPU
		{2A5B2406-09A4-40C0-BDC3-07D62CAFE7C7}.Release|Any CPU.Build.0 = Release|Any CPU
		{2A5B2406-09A4-40C0-BDC3-07D62CAFE7C7}.Release|x64.ActiveCfg = Release|Any CPU
		{2A5B2406-09A4-40C0-BDC3-07D62CAFE7C7}.Release|x64.Build.0 = Release|Any CPU
		{2A5B2406-09A4-40C0-BDC3-07D62CAFE7C7}.Release|x86.ActiveCfg = Release|Any CPU
		{2A5B2406-09A4-40C0-BDC3-07D62CAFE7C7}.Release|x86.Build.0 = Release|Any CPU
	EndGlobalSection
	GlobalSection(SolutionProperties) = preSolution
		HideSolutionNode = FALSE
	EndGlobalSection
	GlobalSection(NestedProjects) = preSolution
		{583E442A-6F0A-4B16-9B24-869E736EE10F} = {A76BC370-6E87-4102-848C-46A32D0544B2}
		{D9E2528E-AA92-49CA-970C-FB167993EA27} = {A76BC370-6E87-4102-848C-46A32D0544B2}
		{100E6C3C-97C0-4EDB-BF74-914668ACF5AD} = {1B2BB735-B23D-40C3-9E98-849182A74A8D}
		{C94A13E5-89C6-4C62-AAC3-AF72C1393A80} = {1B2BB735-B23D-40C3-9E98-849182A74A8D}
		{0A9366BE-4090-416C-9DB9-AE03F064B74E} = {2CE63FB8-E62B-4C9D-94D3-2B29142AFD43}
		{1B2605E0-8E7B-48A2-BEE3-B3AFC818B0BD} = {2CE63FB8-E62B-4C9D-94D3-2B29142AFD43}
		{2A5B2406-09A4-40C0-BDC3-07D62CAFE7C7} = {5DD1FDDE-A0BA-4D72-AE86-DF665ADF5590}
	EndGlobalSection
	GlobalSection(ExtensibilityGlobals) = postSolution
		SolutionGuid = {D5F24F08-E79A-4F22-B4FF-EF80391E2DBC}
	EndGlobalSection
EndGlobal
